
Microsoft Visual Studio Solution File, Format Version 12.00
# Visual Studio 15
VisualStudioVersion = 15.0.27428.2027
MinimumVisualStudioVersion = 10.0.40219.1
Project("{FAE04EC0-301F-11D3-BF4B-00C04F79EFBC}") = "Lesson_11", "Lesson_11\Lesson_11.csproj", "{B754DF42-502A-4ACD-962B-67509EF79D2D}"
EndProject
Project("{FAE04EC0-301F-11D3-BF4B-00C04F79EFBC}") = "Lessons_9_10", "Lessons_9_10\Lessons_9_10.csproj", "{6AB29B17-A5FF-4B2F-A819-DA3FA8DDFC2C}"
EndProject
Global
	GlobalSection(SolutionConfigurationPlatforms) = preSolution
		Debug|Any CPU = Debug|Any CPU
		Release|Any CPU = Release|Any CPU
	EndGlobalSection
	GlobalSection(ProjectConfigurationPlatforms) = postSolution
		{B754DF42-502A-4ACD-962B-67509EF79D2D}.Debug|Any CPU.ActiveCfg = Debug|Any CPU
		{B754DF42-502A-4ACD-962B-67509EF79D2D}.Debug|Any CPU.Build.0 = Debug|Any CPU
		{B754DF42-502A-4ACD-962B-67509EF79D2D}.Release|Any CPU.ActiveCfg = Release|Any CPU
		{B754DF42-502A-4ACD-962B-67509EF79D2D}.Release|Any CPU.Build.0 = Release|Any CPU
		{6AB29B17-A5FF-4B2F-A819-DA3FA8DDFC2C}.Debug|Any CPU.ActiveCfg = Debug|Any CPU
		{6AB29B17-A5FF-4B2F-A819-DA3FA8DDFC2C}.Debug|Any CPU.Build.0 = Debug|Any CPU
		{6AB29B17-A5FF-4B2F-A819-DA3FA8DDFC2C}.Release|Any CPU.ActiveCfg = Release|Any CPU
		{6AB29B17-A5FF-4B2F-A819-DA3FA8DDFC2C}.Release|Any CPU.Build.0 = Release|Any CPU
	EndGlobalSection
	GlobalSection(SolutionProperties) = preSolution
		HideSolutionNode = FALSE
	EndGlobalSection
	GlobalSection(ExtensibilityGlobals) = postSolution
		SolutionGuid = {CBBEE443-F6EB-4718-8F0B-1E45A46A4996}
	EndGlobalSection
EndGlobal
